{
  "requires": true,
  "lockfileVersion": 1,
  "dependencies": {
    "bulma-extensions": {
      "version": "2.2.1",
      "resolved": "https://registry.npmjs.org/bulma-extensions/-/bulma-extensions-2.2.1.tgz",
      "integrity": "sha512-Ma1ersWOxRQgaOs/TRw3JaufUCPKDcUpLWIEli7z3OKkQ1YfcTOYIYgTMqlTlM4nipzCjCltivlXHWk3n6wS5w=="
    }
  }
}
